
Microsoft Visual Studio Solution File, Format Version 12.00
# Visual Studio Version 16
VisualStudioVersion = 16.0.29215.179
MinimumVisualStudioVersion = 10.0.40219.1
Project("{FAE04EC0-301F-11D3-BF4B-00C04F79EFBC}") = "BigInt9", "BigInt9\BigInt9.csproj", "{77B9F35F-70D8-40F3-9D34-5F3B711A2416}"
EndProject
Global
	GlobalSection(SolutionConfigurationPlatforms) = preSolution
		Debug|Any CPU = Debug|Any CPU
		Release|Any CPU = Release|Any CPU
	EndGlobalSection
	GlobalSection(ProjectConfigurationPlatforms) = postSolution
		{77B9F35F-70D8-40F3-9D34-5F3B711A2416}.Debug|Any CPU.ActiveCfg = Debug|Any CPU
		{77B9F35F-70D8-40F3-9D34-5F3B711A2416}.Debug|Any CPU.Build.0 = Debug|Any CPU
		{77B9F35F-70D8-40F3-9D34-5F3B711A2416}.Release|Any CPU.ActiveCfg = Release|Any CPU
		{77B9F35F-70D8-40F3-9D34-5F3B711A2416}.Release|Any CPU.Build.0 = Release|Any CPU
	EndGlobalSection
	GlobalSection(SolutionProperties) = preSolution
		HideSolutionNode = FALSE
	EndGlobalSection
	GlobalSection(ExtensibilityGlobals) = postSolution
		SolutionGuid = {64C44379-ED95-4C98-8B82-50F016E5F0D9}
	EndGlobalSection
EndGlobal
